{
  "version": 4,
  "terraform_version": "1.5.7",
  "serial": 1,
  "lineage": "e401259d-3592-65ea-6cb1-6aba026e63ac",
  "outputs": {},
  "resources": [
    {
      "module": "module.mihailenko-a1-task1-dev",
      "mode": "data",
      "type": "yandex_compute_image",
      "name": "ubuntu",
      "provider": "provider[\"registry.terraform.io/yandex-cloud/yandex\"]",
      "instances": [
        {
          "schema_version": 0,
          "attributes": {
            "created_at": "2026-05-11T11:28:12Z",
            "description": "Ubuntu 20.04 lts v20260508124703",
            "family": "ubuntu-2004-lts",
            "folder_id": "standard-images",
            "hardware_generation": [
              {
                "generation2_features": [],
                "legacy_features": [
                  {
                    "pci_topology": "PCI_TOPOLOGY_V2"
                  }
                ]
              }
            ],
            "id": "fd8dr8ka79lp0g50fk0s",
            "image_id": "fd8dr8ka79lp0g50fk0s",
            "kms_key_id": null,
            "labels": {
              "version": "20260508124703",
              "x-hopper-operation-id": "d9p3g3t03p71a5sk23av",
              "x-hopper-source-image-id": "fd8ou2f3n7ee68rf9u24"
            },
            "min_disk_size": 5,
            "name": "ubuntu-20-04-lts-v20260511",
            "os_type": "linux",
            "pooled": true,
            "product_ids": [
              "f2e59ec64684jg8oto22"
            ],
            "size": 2,
            "status": "ready"
          },
          "sensitive_attributes": []
        }
      ]
    },
    {
      "module": "module.mihailenko-a1-task1-dev",
      "mode": "managed",
      "type": "random_id",
      "name": "suffix",
      "provider": "provider[\"registry.terraform.io/hashicorp/random\"]",
      "instances": [
        {
          "schema_version": 0,
          "attributes": {
            "b64_std": "mpf0Ng==",
            "b64_url": "mpf0Ng",
            "byte_length": 4,
            "dec": "2593649718",
            "hex": "9a97f436",
            "id": "mpf0Ng",
            "keepers": null,
            "prefix": null
          },
          "sensitive_attributes": [],
          "create_before_destroy": true
        }
      ]
    },
    {
      "module": "module.mihailenko-a1-task1-dev",
      "mode": "managed",
      "type": "yandex_compute_instance",
      "name": "vm",
      "provider": "provider[\"registry.terraform.io/yandex-cloud/yandex\"]",
      "instances": []
    }
  ],
  "check_results": null
}
